
Microsoft Visual Studio Solution File, Format Version 12.00
# Visual Studio Version 17
VisualStudioVersion = 17.5.33516.290
MinimumVisualStudioVersion = 10.0.40219.1
Project("{FAE04EC0-301F-11D3-BF4B-00C04F79EFBC}") = "Lab10-Recursion", "Lab10-Recursion.csproj", "{0267DE22-F499-4AAF-9A28-4B313FC86364}"
EndProject
Global
	GlobalSection(SolutionConfigurationPlatforms) = preSolution
		Debug|Any CPU = Debug|Any CPU
		Release|Any CPU = Release|Any CPU
	EndGlobalSection
	GlobalSection(ProjectConfigurationPlatforms) = postSolution
		{0267DE22-F499-4AAF-9A28-4B313FC86364}.Debug|Any CPU.ActiveCfg = Debug|Any CPU
		{0267DE22-F499-4AAF-9A28-4B313FC86364}.Debug|Any CPU.Build.0 = Debug|Any CPU
		{0267DE22-F499-4AAF-9A28-4B313FC86364}.Release|Any CPU.ActiveCfg = Release|Any CPU
		{0267DE22-F499-4AAF-9A28-4B313FC86364}.Release|Any CPU.Build.0 = Release|Any CPU
	EndGlobalSection
	GlobalSection(SolutionProperties) = preSolution
		HideSolutionNode = FALSE
	EndGlobalSection
	GlobalSection(ExtensibilityGlobals) = postSolution
		SolutionGuid = {A4191D80-E629-48F2-A3D2-5CC443725458}
	EndGlobalSection
EndGlobal
